Microsoft Visual Studio Solution File, Format Version 12.00
# Visual Studio 15
VisualStudioVersion = 15.0.27130.2027
MinimumVisualStudioVersion = 15.0.26124.0
Project("{9A19103F-16F7-4668-BE54-9A1E7A4F7556}") = "N_Gym.API", "N_Gym.API\N_Gym.API.csproj", "{A752C754-DEDF-446D-BC2B-91CABCA8D976}"
EndProject
Project("{9A19103F-16F7-4668-BE54-9A1E7A4F7556}") = "N_Gym.Application", "N_Gym.Application\N_Gym.Application.csproj", "{7149B527-66C1-495F-94FB-06BEFA8D3DE0}"
EndProject
Project("{9A19103F-16F7-4668-BE54-9A1E7A4F7556}") = "N_Gym.CrossCutting.IoC", "N_Gym.CrossCutting.IoC\N_Gym.CrossCutting.IoC.csproj", "{0E0A0CA8-DABC-4954-917F-F671E70CE2DD}"
EndProject
Project("{9A19103F-16F7-4668-BE54-9A1E7A4F7556}") = "N_Gym.Data", "N_Gym.Data\N_Gym.Data.csproj", "{7BDE7484-0BD6-4249-997D-941BEBA15AA1}"
EndProject
Project("{9A19103F-16F7-4668-BE54-9A1E7A4F7556}") = "N_Gym.Domain", "N_Gym.Domain\N_Gym.Domain.csproj", "{B0E3A8CF-C3DD-47BB-B832-1FACFFB9DBD9}"
EndProject
Project("{9A19103F-16F7-4668-BE54-9A1E7A4F7556}") = "N_Gym.Entity", "N_Gym.Entity\N_Gym.Entity.csproj", "{D496895C-B730-44A6-ABDA-4CA22F51D7D8}"
EndProject
Project("{9A19103F-16F7-4668-BE54-9A1E7A4F7556}") = "N_Base.Data", "N_Base.Data\N_Base.Data.csproj", "{C4D5413E-26AF-4E63-A700-DA1CA19CA219}"
EndProject
Project("{9A19103F-16F7-4668-BE54-9A1E7A4F7556}") = "N_Base.Entity", "N_Base.Entity\N_Base.Entity.csproj", "{F6D0FD2F-A45B-4E03-9BB7-411583EE3535}"
EndProject
Global
	GlobalSection(SolutionConfigurationPlatforms) = preSolution
		Debug|Any CPU = Debug|Any CPU
		Debug|x64 = Debug|x64
		Debug|x86 = Debug|x86
		Release|Any CPU = Release|Any CPU
		Release|x64 = Release|x64
		Release|x86 = Release|x86
	EndGlobalSection
	GlobalSection(ProjectConfigurationPlatforms) = postSolution
		{A752C754-DEDF-446D-BC2B-91CABCA8D976}.Debug|Any CPU.ActiveCfg = Debug|Any CPU
		{A752C754-DEDF-446D-BC2B-91CABCA8D976}.Debug|Any CPU.Build.0 = Debug|Any CPU
		{A752C754-DEDF-446D-BC2B-91CABCA8D976}.Debug|x64.ActiveCfg = Debug|Any CPU
		{A752C754-DEDF-446D-BC2B-91CABCA8D976}.Debug|x64.Build.0 = Debug|Any CPU
		{A752C754-DEDF-446D-BC2B-91CABCA8D976}.Debug|x86.ActiveCfg = Debug|Any CPU
		{A752C754-DEDF-446D-BC2B-91CABCA8D976}.Debug|x86.Build.0 = Debug|Any CPU
		{A752C754-DEDF-446D-BC2B-91CABCA8D976}.Release|Any CPU.ActiveCfg = Release|Any CPU
		{A752C754-DEDF-446D-BC2B-91CABCA8D976}.Release|Any CPU.Build.0 = Release|Any CPU
		{A752C754-DEDF-446D-BC2B-91CABCA8D976}.Release|x64.ActiveCfg = Release|Any CPU
		{A752C754-DEDF-446D-BC2B-91CABCA8D976}.Release|x64.Build.0 = Release|Any CPU
		{A752C754-DEDF-446D-BC2B-91CABCA8D976}.Release|x86.ActiveCfg = Release|Any CPU
		{A752C754-DEDF-446D-BC2B-91CABCA8D976}.Release|x86.Build.0 = Release|Any CPU
		{7149B527-66C1-495F-94FB-06BEFA8D3DE0}.Debug|Any CPU.ActiveCfg = Debug|Any CPU
		{7149B527-66C1-495F-94FB-06BEFA8D3DE0}.Debug|Any CPU.Build.0 = Debug|Any CPU
		{7149B527-66C1-495F-94FB-06BEFA8D3DE0}.Debug|x64.ActiveCfg = Debug|Any CPU
		{7149B527-66C1-495F-94FB-06BEFA8D3DE0}.Debug|x64.Build.0 = Debug|Any CPU
		{7149B527-66C1-495F-94FB-06BEFA8D3DE0}.Debug|x86.ActiveCfg = Debug|Any CPU
		{7149B527-66C1-495F-94FB-06BEFA8D3DE0}.Debug|x86.Build.0 = Debug|Any CPU
		{7149B527-66C1-495F-94FB-06BEFA8D3DE0}.Release|Any CPU.ActiveCfg = Release|Any CPU
		{7149B527-66C1-495F-94FB-06BEFA8D3DE0}.Release|Any CPU.Build.0 = Release|Any CPU
		{7149B527-66C1-495F-94FB-06BEFA8D3DE0}.Release|x64.ActiveCfg = Release|Any CPU
		{7149B527-66C1-495F-94FB-06BEFA8D3DE0}.Release|x64.Build.0 = Release|Any CPU
		{7149B527-66C1-495F-94FB-06BEFA8D3DE0}.Release|x86.ActiveCfg = Release|Any CPU
		{7149B527-66C1-495F-94FB-06BEFA8D3DE0}.Release|x86.Build.0 = Release|Any CPU
		{0E0A0CA8-DABC-4954-917F-F671E70CE2DD}.Debug|Any CPU.ActiveCfg = Debug|Any CPU
		{0E0A0CA8-DABC-4954-917F-F671E70CE2DD}.Debug|Any CPU.Build.0 = Debug|Any CPU
		{0E0A0CA8-DABC-4954-917F-F671E70CE2DD}.Debug|x64.ActiveCfg = Debug|Any CPU
		{0E0A0CA8-DABC-4954-917F-F671E70CE2DD}.Debug|x64.Build.0 = Debug|Any CPU
		{0E0A0CA8-DABC-4954-917F-F671E70CE2DD}.Debug|x86.ActiveCfg = Debug|Any CPU
		{0E0A0CA8-DABC-4954-917F-F671E70CE2DD}.Debug|x86.Build.0 = Debug|Any CPU
		{0E0A0CA8-DABC-4954-917F-F671E70CE2DD}.Release|Any CPU.ActiveCfg = Release|Any CPU
		{0E0A0CA8-DABC-4954-917F-F671E70CE2DD}.Release|Any CPU.Build.0 = Release|Any CPU
		{0E0A0CA8-DABC-4954-917F-F671E70CE2DD}.Release|x64.ActiveCfg = Release|Any CPU
		{0E0A0CA8-DABC-4954-917F-F671E70CE2DD}.Release|x64.Build.0 = Release|Any CPU
		{0E0A0CA8-DABC-4954-917F-F671E70CE2DD}.Release|x86.ActiveCfg = Release|Any CPU
		{0E0A0CA8-DABC-4954-917F-F671E70CE2DD}.Release|x86.Build.0 = Release|Any CPU
		{7BDE7484-0BD6-4249-997D-941BEBA15AA1}.Debug|Any CPU.ActiveCfg = Debug|Any CPU
		{7BDE7484-0BD6-4249-997D-941BEBA15AA1}.Debug|Any CPU.Build.0 = Debug|Any CPU
		{7BDE7484-0BD6-4249-997D-941BEBA15AA1}.Debug|x64.ActiveCfg = Debug|Any CPU
		{7BDE7484-0BD6-4249-997D-941BEBA15AA1}.Debug|x64.Build.0 = Debug|Any CPU
		{7BDE7484-0BD6-4249-997D-941BEBA15AA1}.Debug|x86.ActiveCfg = Debug|Any CPU
		{7BDE7484-0BD6-4249-997D-941BEBA15AA1}.Debug|x86.Build.0 = Debug|Any CPU
		{7BDE7484-0BD6-4249-997D-941BEBA15AA1}.Release|Any CPU.ActiveCfg = Release|Any CPU
		{7BDE7484-0BD6-4249-997D-941BEBA15AA1}.Release|Any CPU.Build.0 = Release|Any CPU
		{7BDE7484-0BD6-4249-997D-941BEBA15AA1}.Release|x64.ActiveCfg = Release|Any CPU
		{7BDE7484-0BD6-4249-997D-941BEBA15AA1}.Release|x64.Build.0 = Release|Any CPU
		{7BDE7484-0BD6-4249-997D-941BEBA15AA1}.Release|x86.ActiveCfg = Release|Any CPU
		{7BDE7484-0BD6-4249-997D-941BEBA15AA1}.Release|x86.Build.0 = Release|Any CPU
		{B0E3A8CF-C3DD-47BB-B832-1FACFFB9DBD9}.Debug|Any CPU.ActiveCfg = Debug|Any CPU
		{B0E3A8CF-C3DD-47BB-B832-1FACFFB9DBD9}.Debug|Any CPU.Build.0 = Debug|Any CPU
		{B0E3A8CF-C3DD-47BB-B832-1FACFFB9DBD9}.Debug|x64.ActiveCfg = Debug|Any CPU
		{B0E3A8CF-C3DD-47BB-B832-1FACFFB9DBD9}.Debug|x64.Build.0 = Debug|Any CPU
		{B0E3A8CF-C3DD-47BB-B832-1FACFFB9DBD9}.Debug|x86.ActiveCfg = Debug|Any CPU
		{B0E3A8CF-C3DD-47BB-B832-1FACFFB9DBD9}.Debug|x86.Build.0 = Debug|Any CPU
		{B0E3A8CF-C3DD-47BB-B832-1FACFFB9DBD9}.Release|Any CPU.ActiveCfg = Release|Any CPU
		{B0E3A8CF-C3DD-47BB-B832-1FACFFB9DBD9}.Release|Any CPU.Build.0 = Release|Any CPU
		{B0E3A8CF-C3DD-47BB-B832-1FACFFB9DBD9}.Release|x64.ActiveCfg = Release|Any CPU
		{B0E3A8CF-C3DD-47BB-B832-1FACFFB9DBD9}.Release|x64.Build.0 = Release|Any CPU
		{B0E3A8CF-C3DD-47BB-B832-1FACFFB9DBD9}.Release|x86.ActiveCfg = Release|Any CPU
		{B0E3A8CF-C3DD-47BB-B832-1FACFFB9DBD9}.Release|x86.Build.0 = Release|Any CPU
		{D496895C-B730-44A6-ABDA-4CA22F51D7D8}.Debug|Any CPU.ActiveCfg = Debug|Any CPU
		{D496895C-B730-44A6-ABDA-4CA22F51D7D8}.Debug|Any CPU.Build.0 = Debug|Any CPU
		{D496895C-B730-44A6-ABDA-4CA22F51D7D8}.Debug|x64.ActiveCfg = Debug|Any CPU
		{D496895C-B730-44A6-ABDA-4CA22F51D7D8}.Debug|x64.Build.0 = Debug|Any CPU
		{D496895C-B730-44A6-ABDA-4CA22F51D7D8}.Debug|x86.ActiveCfg = Debug|Any CPU
		{D496895C-B730-44A6-ABDA-4CA22F51D7D8}.Debug|x86.Build.0 = Debug|Any CPU
		{D496895C-B730-44A6-ABDA-4CA22F51D7D8}.Release|Any CPU.ActiveCfg = Release|Any CPU
		{D496895C-B730-44A6-ABDA-4CA22F51D7D8}.Release|Any CPU.Build.0 = Release|Any CPU
		{D496895C-B730-44A6-ABDA-4CA22F51D7D8}.Release|x64.ActiveCfg = Release|Any CPU
		{D496895C-B730-44A6-ABDA-4CA22F51D7D8}.Release|x64.Build.0 = Release|Any CPU
		{D496895C-B730-44A6-ABDA-4CA22F51D7D8}.Release|x86.ActiveCfg = Release|Any CPU
		{D496895C-B730-44A6-ABDA-4CA22F51D7D8}.Release|x86.Build.0 = Release|Any CPU
		{C4D5413E-26AF-4E63-A700-DA1CA19CA219}.Debug|Any CPU.ActiveCfg = Debug|Any CPU
		{C4D5413E-26AF-4E63-A700-DA1CA19CA219}.Debug|Any CPU.Build.0 = Debug|Any CPU
		{C4D5413E-26AF-4E63-A700-DA1CA19CA219}.Debug|x64.ActiveCfg = Debug|Any CPU
		{C4D5413E-26AF-4E63-A700-DA1CA19CA219}.Debug|x64.Build.0 = Debug|Any CPU
		{C4D5413E-26AF-4E63-A700-DA1CA19CA219}.Debug|x86.ActiveCfg = Debug|Any CPU
		{C4D5413E-26AF-4E63-A700-DA1CA19CA219}.Debug|x86.Build.0 = Debug|Any CPU
		{C4D5413E-26AF-4E63-A700-DA1CA19CA219}.Release|Any CPU.ActiveCfg = Release|Any CPU
		{C4D5413E-26AF-4E63-A700-DA1CA19CA219}.Release|Any CPU.Build.0 = Release|Any CPU
		{C4D5413E-26AF-4E63-A700-DA1CA19CA219}.Release|x64.ActiveCfg = Release|Any CPU
		{C4D5413E-26AF-4E63-A700-DA1CA19CA219}.Release|x64.Build.0 = Release|Any CPU
		{C4D5413E-26AF-4E63-A700-DA1CA19CA219}.Release|x86.ActiveCfg = Release|Any CPU
		{C4D5413E-26AF-4E63-A700-DA1CA19CA219}.Release|x86.Build.0 = Release|Any CPU
		{F6D0FD2F-A45B-4E03-9BB7-411583EE3535}.Debug|Any CPU.ActiveCfg = Debug|Any CPU
		{F6D0FD2F-A45B-4E03-9BB7-411583EE3535}.Debug|Any CPU.Build.0 = Debug|Any CPU
		{F6D0FD2F-A45B-4E03-9BB7-411583EE3535}.Debug|x64.ActiveCfg = Debug|Any CPU
		{F6D0FD2F-A45B-4E03-9BB7-411583EE3535}.Debug|x64.Build.0 = Debug|Any CPU
		{F6D0FD2F-A45B-4E03-9BB7-411583EE3535}.Debug|x86.ActiveCfg = Debug|Any CPU
		{F6D0FD2F-A45B-4E03-9BB7-411583EE3535}.Debug|x86.Build.0 = Debug|Any CPU
		{F6D0FD2F-A45B-4E03-9BB7-411583EE3535}.Release|Any CPU.ActiveCfg = Release|Any CPU
		{F6D0FD2F-A45B-4E03-9BB7-411583EE3535}.Release|Any CPU.Build.0 = Release|Any CPU
		{F6D0FD2F-A45B-4E03-9BB7-411583EE3535}.Release|x64.ActiveCfg = Release|Any CPU
		{F6D0FD2F-A45B-4E03-9BB7-411583EE3535}.Release|x64.Build.0 = Release|Any CPU
		{F6D0FD2F-A45B-4E03-9BB7-411583EE3535}.Release|x86.ActiveCfg = Release|Any CPU
		{F6D0FD2F-A45B-4E03-9BB7-411583EE3535}.Release|x86.Build.0 = Release|Any CPU
	EndGlobalSection
	GlobalSection(SolutionProperties) = preSolution
		HideSolutionNode = FALSE
	EndGlobalSection
	GlobalSection(ExtensibilityGlobals) = postSolution
		SolutionGuid = {8C53CAF5-B9D6-49B8-8762-6CBB27192D6E}
	EndGlobalSection
EndGlobal
