
Microsoft Visual Studio Solution File, Format Version 12.00
# Visual Studio 15
VisualStudioVersion = 15.0.28010.2041
MinimumVisualStudioVersion = 10.0.40219.1
Project("{2150E333-8FDC-42A3-9474-1A3956D46DE8}") = "Nano.N_Gym.App", "Nano.N_Gym.App", "{BCF541C3-2BB3-4997-B6BA-7778526517DD}"
EndProject
Project("{2150E333-8FDC-42A3-9474-1A3956D46DE8}") = "Nano.N_Base", "Nano.N_Base", "{CED77B65-7DE3-47C8-B8A0-D00FB3A50F88}"
EndProject
Project("{FAE04EC0-301F-11D3-BF4B-00C04F79EFBC}") = "Nano.N_Base.Data", "Nano.N_Base.Data\Nano.N_Base.Data.csproj", "{D6FC7BEC-66D5-4065-A5FC-68E56849F1B1}"
EndProject
Project("{FAE04EC0-301F-11D3-BF4B-00C04F79EFBC}") = "Nano.N_Base.Domain", "Nano.N_Base.Domain\Nano.N_Base.Domain.csproj", "{0D56EAEB-6F8B-4706-BD91-F17E948BDD20}"
EndProject
Project("{FAE04EC0-301F-11D3-BF4B-00C04F79EFBC}") = "Nano.N_Base.Model", "Nano.N_Base.Model\Nano.N_Base.Model.csproj", "{C5E947A4-0A97-4799-961F-CA0132C55564}"
EndProject
Project("{FAE04EC0-301F-11D3-BF4B-00C04F79EFBC}") = "Nano.N_Gym.App.Data", "Nano.N_Gym.App.Data\Nano.N_Gym.App.Data.csproj", "{BF1EEB50-467B-4BBC-952F-10341B9BD8BD}"
EndProject
Project("{FAE04EC0-301F-11D3-BF4B-00C04F79EFBC}") = "Nano.N_Gym.App.Domain", "Nano.N_Gym.App.Domain\Nano.N_Gym.App.Domain.csproj", "{C6B0581C-58E4-4943-B634-116AB199D01A}"
EndProject
Project("{FAE04EC0-301F-11D3-BF4B-00C04F79EFBC}") = "Nano.N_Gym.App.Model", "Nano.N_Gym.App.Model\Nano.N_Gym.App.Model.csproj", "{ADA12047-80F2-49FE-A489-7E752F6FB637}"
EndProject
Project("{2150E333-8FDC-42A3-9474-1A3956D46DE8}") = "Nano.N_Tests", "Nano.N_Tests", "{5181451F-6264-46FA-882A-8E32B7E95E22}"
EndProject
Project("{FAE04EC0-301F-11D3-BF4B-00C04F79EFBC}") = "Nano.N_Tests", "Nano.N_Tests\Nano.N_Tests.csproj", "{DAE9E2BB-8C83-41F1-929E-C5FB9731279B}"
EndProject
Project("{2150E333-8FDC-42A3-9474-1A3956D46DE8}") = "Libs", "Libs", "{3A03C901-931D-4BE0-B83D-0178B1916E31}"
	ProjectSection(SolutionItems) = preProject
		Libs\EntityFramework.dll = Libs\EntityFramework.dll
		Libs\EntityFramework.SqlServer.dll = Libs\EntityFramework.SqlServer.dll
		Libs\Newtonsoft.Json.dll = Libs\Newtonsoft.Json.dll
	EndProjectSection
EndProject
Project("{FAE04EC0-301F-11D3-BF4B-00C04F79EFBC}") = "Nano.N_Tests.Commom", "Nano.N_Tests.Commom\Nano.N_Tests.Commom.csproj", "{9EA437AC-5630-4FD7-8DE1-4575C3150F1E}"
EndProject
Global
	GlobalSection(SolutionConfigurationPlatforms) = preSolution
		Debug|Any CPU = Debug|Any CPU
		Release|Any CPU = Release|Any CPU
	EndGlobalSection
	GlobalSection(ProjectConfigurationPlatforms) = postSolution
		{D6FC7BEC-66D5-4065-A5FC-68E56849F1B1}.Debug|Any CPU.ActiveCfg = Debug|Any CPU
		{D6FC7BEC-66D5-4065-A5FC-68E56849F1B1}.Debug|Any CPU.Build.0 = Debug|Any CPU
		{D6FC7BEC-66D5-4065-A5FC-68E56849F1B1}.Release|Any CPU.ActiveCfg = Release|Any CPU
		{D6FC7BEC-66D5-4065-A5FC-68E56849F1B1}.Release|Any CPU.Build.0 = Release|Any CPU
		{0D56EAEB-6F8B-4706-BD91-F17E948BDD20}.Debug|Any CPU.ActiveCfg = Debug|Any CPU
		{0D56EAEB-6F8B-4706-BD91-F17E948BDD20}.Debug|Any CPU.Build.0 = Debug|Any CPU
		{0D56EAEB-6F8B-4706-BD91-F17E948BDD20}.Release|Any CPU.ActiveCfg = Release|Any CPU
		{0D56EAEB-6F8B-4706-BD91-F17E948BDD20}.Release|Any CPU.Build.0 = Release|Any CPU
		{C5E947A4-0A97-4799-961F-CA0132C55564}.Debug|Any CPU.ActiveCfg = Debug|Any CPU
		{C5E947A4-0A97-4799-961F-CA0132C55564}.Debug|Any CPU.Build.0 = Debug|Any CPU
		{C5E947A4-0A97-4799-961F-CA0132C55564}.Release|Any CPU.ActiveCfg = Release|Any CPU
		{C5E947A4-0A97-4799-961F-CA0132C55564}.Release|Any CPU.Build.0 = Release|Any CPU
		{BF1EEB50-467B-4BBC-952F-10341B9BD8BD}.Debug|Any CPU.ActiveCfg = Debug|Any CPU
		{BF1EEB50-467B-4BBC-952F-10341B9BD8BD}.Debug|Any CPU.Build.0 = Debug|Any CPU
		{BF1EEB50-467B-4BBC-952F-10341B9BD8BD}.Release|Any CPU.ActiveCfg = Release|Any CPU
		{BF1EEB50-467B-4BBC-952F-10341B9BD8BD}.Release|Any CPU.Build.0 = Release|Any CPU
		{C6B0581C-58E4-4943-B634-116AB199D01A}.Debug|Any CPU.ActiveCfg = Debug|Any CPU
		{C6B0581C-58E4-4943-B634-116AB199D01A}.Debug|Any CPU.Build.0 = Debug|Any CPU
		{C6B0581C-58E4-4943-B634-116AB199D01A}.Release|Any CPU.ActiveCfg = Release|Any CPU
		{C6B0581C-58E4-4943-B634-116AB199D01A}.Release|Any CPU.Build.0 = Release|Any CPU
		{ADA12047-80F2-49FE-A489-7E752F6FB637}.Debug|Any CPU.ActiveCfg = Debug|Any CPU
		{ADA12047-80F2-49FE-A489-7E752F6FB637}.Debug|Any CPU.Build.0 = Debug|Any CPU
		{ADA12047-80F2-49FE-A489-7E752F6FB637}.Release|Any CPU.ActiveCfg = Release|Any CPU
		{ADA12047-80F2-49FE-A489-7E752F6FB637}.Release|Any CPU.Build.0 = Release|Any CPU
		{DAE9E2BB-8C83-41F1-929E-C5FB9731279B}.Debug|Any CPU.ActiveCfg = Debug|Any CPU
		{DAE9E2BB-8C83-41F1-929E-C5FB9731279B}.Debug|Any CPU.Build.0 = Debug|Any CPU
		{DAE9E2BB-8C83-41F1-929E-C5FB9731279B}.Release|Any CPU.ActiveCfg = Release|Any CPU
		{DAE9E2BB-8C83-41F1-929E-C5FB9731279B}.Release|Any CPU.Build.0 = Release|Any CPU
		{9EA437AC-5630-4FD7-8DE1-4575C3150F1E}.Debug|Any CPU.ActiveCfg = Debug|Any CPU
		{9EA437AC-5630-4FD7-8DE1-4575C3150F1E}.Debug|Any CPU.Build.0 = Debug|Any CPU
		{9EA437AC-5630-4FD7-8DE1-4575C3150F1E}.Release|Any CPU.ActiveCfg = Release|Any CPU
		{9EA437AC-5630-4FD7-8DE1-4575C3150F1E}.Release|Any CPU.Build.0 = Release|Any CPU
	EndGlobalSection
	GlobalSection(SolutionProperties) = preSolution
		HideSolutionNode = FALSE
	EndGlobalSection
	GlobalSection(NestedProjects) = preSolution
		{D6FC7BEC-66D5-4065-A5FC-68E56849F1B1} = {CED77B65-7DE3-47C8-B8A0-D00FB3A50F88}
		{0D56EAEB-6F8B-4706-BD91-F17E948BDD20} = {CED77B65-7DE3-47C8-B8A0-D00FB3A50F88}
		{C5E947A4-0A97-4799-961F-CA0132C55564} = {CED77B65-7DE3-47C8-B8A0-D00FB3A50F88}
		{BF1EEB50-467B-4BBC-952F-10341B9BD8BD} = {BCF541C3-2BB3-4997-B6BA-7778526517DD}
		{C6B0581C-58E4-4943-B634-116AB199D01A} = {BCF541C3-2BB3-4997-B6BA-7778526517DD}
		{ADA12047-80F2-49FE-A489-7E752F6FB637} = {BCF541C3-2BB3-4997-B6BA-7778526517DD}
		{DAE9E2BB-8C83-41F1-929E-C5FB9731279B} = {5181451F-6264-46FA-882A-8E32B7E95E22}
		{9EA437AC-5630-4FD7-8DE1-4575C3150F1E} = {5181451F-6264-46FA-882A-8E32B7E95E22}
	EndGlobalSection
	GlobalSection(ExtensibilityGlobals) = postSolution
		SolutionGuid = {DFA6AF9B-92CB-4C14-9FC2-F6AB3D41EE6B}
	EndGlobalSection
EndGlobal
